
Microsoft Visual Studio Solution File, Format Version 11.00
# Visual Studio 2010
Project("{FAE04EC0-301F-11D3-BF4B-00C04F79EFBC}") = "Assembly-CSharp", "Assembly-CSharp.csproj", "{9E712D50-E226-9F7E-8C40-7ADBC2D8A889}"
EndProject
Project("{FAE04EC0-301F-11D3-BF4B-00C04F79EFBC}") = "Assembly-CSharp-firstpass", "Assembly-CSharp-firstpass.csproj", "{111CAE27-B396-C768-4979-B0449EDB530F}"
EndProject
Project("{FAE04EC0-301F-11D3-BF4B-00C04F79EFBC}") = "Assembly-CSharp-Editor-firstpass", "Assembly-CSharp-Editor-firstpass.csproj", "{683E3AA9-3B5C-93DC-9C7E-2E0FE32142F4}"
EndProject
Global
	GlobalSection(SolutionConfigurationPlatforms) = preSolution
		Debug|Any CPU = Debug|Any CPU
		Release|Any CPU = Release|Any CPU
	EndGlobalSection
	GlobalSection(ProjectConfigurationPlatforms) = postSolution
		{9E712D50-E226-9F7E-8C40-7ADBC2D8A889}.Debug|Any CPU.ActiveCfg = Debug|Any CPU
		{9E712D50-E226-9F7E-8C40-7ADBC2D8A889}.Debug|Any CPU.Build.0 = Debug|Any CPU
		{9E712D50-E226-9F7E-8C40-7ADBC2D8A889}.Release|Any CPU.ActiveCfg = Release|Any CPU
		{9E712D50-E226-9F7E-8C40-7ADBC2D8A889}.Release|Any CPU.Build.0 = Release|Any CPU
		{111CAE27-B396-C768-4979-B0449EDB530F}.Debug|Any CPU.ActiveCfg = Debug|Any CPU
		{111CAE27-B396-C768-4979-B0449EDB530F}.Debug|Any CPU.Build.0 = Debug|Any CPU
		{111CAE27-B396-C768-4979-B0449EDB530F}.Release|Any CPU.ActiveCfg = Release|Any CPU
		{111CAE27-B396-C768-4979-B0449EDB530F}.Release|Any CPU.Build.0 = Release|Any CPU
		{683E3AA9-3B5C-93DC-9C7E-2E0FE32142F4}.Debug|Any CPU.ActiveCfg = Debug|Any CPU
		{683E3AA9-3B5C-93DC-9C7E-2E0FE32142F4}.Debug|Any CPU.Build.0 = Debug|Any CPU
		{683E3AA9-3B5C-93DC-9C7E-2E0FE32142F4}.Release|Any CPU.ActiveCfg = Release|Any CPU
		{683E3AA9-3B5C-93DC-9C7E-2E0FE32142F4}.Release|Any CPU.Build.0 = Release|Any CPU
	EndGlobalSection
	GlobalSection(SolutionProperties) = preSolution
		HideSolutionNode = FALSE
	EndGlobalSection
EndGlobal
